// !$*UTF8*$!
{
	archiveVersion = 1;
	classes = {
	};
	objectVersion = 56;
	objects = {

/* Begin PBXBuildFile section */
		D4D8BD3B2BAAD6B500D2398D /* Yelp_Business_Search_IOSApp.swift in Sources */ = {isa = PBXBuildFile; fileRef = D4D8BD3A2BAAD6B500D2398D /* Yelp_Business_Search_IOSApp.swift */; };
		D4D8BD3D2BAAD6B500D2398D /* ContentView.swift in Sources */ = {isa = PBXBuildFile; fileRef = D4D8BD3C2BAAD6B500D2398D /* ContentView.swift */; };
		D4D8BD3F2BAAD6B700D2398D /* Assets.xcassets in Resources */ = {isa = PBXBuildFile; fileRef = D4D8BD3E2BAAD6B700D2398D /* Assets.xcassets */; };
		D4D8BD422BAAD6B700D2398D /* Preview Assets.xcassets in Resources */ = {isa = PBXBuildFile; fileRef = D4D8BD412BAAD6B700D2398D /* Preview Assets.xcassets */; };
		D4D8BD4C2BAAD8D200D2398D /* Kingfisher in Frameworks */ = {isa = PBXBuildFile; productRef = D4D8BD4B2BAAD8D200D2398D /* Kingfisher */; };
		D4D8BD4F2BAAD91200D2398D /* DetailView.swift in Sources */ = {isa = PBXBuildFile; fileRef = D4D8BD4E2BAAD91200D2398D /* DetailView.swift */; };
		D4D8BD522BAAD9EC00D2398D /* BookView.swift in Sources */ = {isa = PBXBuildFile; fileRef = D4D8BD512BAAD9EC00D2398D /* BookView.swift */; };
		D4D8BD542BAADA0300D2398D /* BusinessView.swift in Sources */ = {isa = PBXBuildFile; fileRef = D4D8BD532BAADA0300D2398D /* BusinessView.swift */; };
		D4D8BD562BAADA1300D2398D /* ToastView.swift in Sources */ = {isa = PBXBuildFile; fileRef = D4D8BD552BAADA1300D2398D /* ToastView.swift */; };
		D4D8BD582BAADA3000D2398D /* ReserveFormView.swift in Sources */ = {isa = PBXBuildFile; fileRef = D4D8BD572BAADA3000D2398D /* ReserveFormView.swift */; };
		D4D8BD5A2BAADA4C00D2398D /* Result.swift in Sources */ = {isa = PBXBuildFile; fileRef = D4D8BD592BAADA4C00D2398D /* Result.swift */; };
		D4D8BD5D2BAADA9600D2398D /* Alamofire in Frameworks */ = {isa = PBXBuildFile; productRef = D4D8BD5C2BAADA9600D2398D /* Alamofire */; };
		D4D8BD5F2BAADA9600D2398D /* AlamofireDynamic in Frameworks */ = {isa = PBXBuildFile; productRef = D4D8BD5E2BAADA9600D2398D /* AlamofireDynamic */; };
		D4D8BD612BAADAA700D2398D /* Detail.swift in Sources */ = {isa = PBXBuildFile; fileRef = D4D8BD602BAADAA700D2398D /* Detail.swift */; };
		D4D8BD642BAADAE000D2398D /* SwiftyJSON in Frameworks */ = {isa = PBXBuildFile; productRef = D4D8BD632BAADAE000D2398D /* SwiftyJSON */; };
		D4D8BD662BAADAED00D2398D /* Review.swift in Sources */ = {isa = PBXBuildFile; fileRef = D4D8BD652BAADAED00D2398D /* Review.swift */; };
		D4D8BD682BAADAFA00D2398D /* Map.swift in Sources */ = {isa = PBXBuildFile; fileRef = D4D8BD672BAADAFA00D2398D /* Map.swift */; };
		D4D8BD6A2BAADB1200D2398D /* Reservation.swift in Sources */ = {isa = PBXBuildFile; fileRef = D4D8BD692BAADB1200D2398D /* Reservation.swift */; };
		D4D8BD6C2BAADB3B00D2398D /* AlwaysPopoverModifier.swift in Sources */ = {isa = PBXBuildFile; fileRef = D4D8BD6B2BAADB3B00D2398D /* AlwaysPopoverModifier.swift */; };
		D4D8BD6E2BAADB4900D2398D /* ContentViewController.swift in Sources */ = {isa = PBXBuildFile; fileRef = D4D8BD6D2BAADB4900D2398D /* ContentViewController.swift */; };
		D4D8BD702BAADB6400D2398D /* UIView+Extension.swift in Sources */ = {isa = PBXBuildFile; fileRef = D4D8BD6F2BAADB6400D2398D /* UIView+Extension.swift */; };
		D4D8BD722BAADB7E00D2398D /* View+Modifiers.swift in Sources */ = {isa = PBXBuildFile; fileRef = D4D8BD712BAADB7E00D2398D /* View+Modifiers.swift */; };
/* End PBXBuildFile section */

/* Begin PBXFileReference section */
		D4D8BD372BAAD6B500D2398D /* Yelp-Business-Search-IOS.app */ = {isa = PBXFileReference; explicitFileType = wrapper.application; includeInIndex = 0; path = "Yelp-Business-Search-IOS.app"; sourceTree = BUILT_PRODUCTS_DIR; };
		D4D8BD3A2BAAD6B500D2398D /* Yelp_Business_Search_IOSApp.swift */ = {isa = PBXFileReference; lastKnownFileType = sourcecode.swift; path = Yelp_Business_Search_IOSApp.swift; sourceTree = "<group>"; };
		D4D8BD3C2BAAD6B500D2398D /* ContentView.swift */ = {isa = PBXFileReference; lastKnownFileType = sourcecode.swift; path = ContentView.swift; sourceTree = "<group>"; };
		D4D8BD3E2BAAD6B700D2398D /* Assets.xcassets */ = {isa = PBXFileReference; lastKnownFileType = folder.assetcatalog; path = Assets.xcassets; sourceTree = "<group>"; };
		D4D8BD412BAAD6B700D2398D /* Preview Assets.xcassets */ = {isa = PBXFileReference; lastKnownFileType = folder.assetcatalog; path = "Preview Assets.xcassets"; sourceTree = "<group>"; };
		D4D8BD4E2BAAD91200D2398D /* DetailView.swift */ = {isa = PBXFileReference; lastKnownFileType = sourcecode.swift; path = DetailView.swift; sourceTree = "<group>"; };
		D4D8BD512BAAD9EC00D2398D /* BookView.swift */ = {isa = PBXFileReference; lastKnownFileType = sourcecode.swift; path = BookView.swift; sourceTree = "<group>"; };
		D4D8BD532BAADA0300D2398D /* BusinessView.swift */ = {isa = PBXFileReference; lastKnownFileType = sourcecode.swift; path = BusinessView.swift; sourceTree = "<group>"; };
		D4D8BD552BAADA1300D2398D /* ToastView.swift */ = {isa = PBXFileReference; lastKnownFileType = sourcecode.swift; path = ToastView.swift; sourceTree = "<group>"; };
		D4D8BD572BAADA3000D2398D /* ReserveFormView.swift */ = {isa = PBXFileReference; lastKnownFileType = sourcecode.swift; path = ReserveFormView.swift; sourceTree = "<group>"; };
		D4D8BD592BAADA4C00D2398D /* Result.swift */ = {isa = PBXFileReference; lastKnownFileType = sourcecode.swift; path = Result.swift; sourceTree = "<group>"; };
		D4D8BD602BAADAA700D2398D /* Detail.swift */ = {isa = PBXFileReference; lastKnownFileType = sourcecode.swift; path = Detail.swift; sourceTree = "<group>"; };
		D4D8BD652BAADAED00D2398D /* Review.swift */ = {isa = PBXFileReference; lastKnownFileType = sourcecode.swift; path = Review.swift; sourceTree = "<group>"; };
		D4D8BD672BAADAFA00D2398D /* Map.swift */ = {isa = PBXFileReference; lastKnownFileType = sourcecode.swift; path = Map.swift; sourceTree = "<group>"; };
		D4D8BD692BAADB1200D2398D /* Reservation.swift */ = {isa = PBXFileReference; lastKnownFileType = sourcecode.swift; path = Reservation.swift; sourceTree = "<group>"; };
		D4D8BD6B2BAADB3B00D2398D /* AlwaysPopoverModifier.swift */ = {isa = PBXFileReference; lastKnownFileType = sourcecode.swift; path = AlwaysPopoverModifier.swift; sourceTree = "<group>"; };
		D4D8BD6D2BAADB4900D2398D /* ContentViewController.swift */ = {isa = PBXFileReference; lastKnownFileType = sourcecode.swift; path = ContentViewController.swift; sourceTree = "<group>"; };
		D4D8BD6F2BAADB6400D2398D /* UIView+Extension.swift */ = {isa = PBXFileReference; lastKnownFileType = sourcecode.swift; path = "UIView+Extension.swift"; sourceTree = "<group>"; };
		D4D8BD712BAADB7E00D2398D /* View+Modifiers.swift */ = {isa = PBXFileReference; lastKnownFileType = sourcecode.swift; path = "View+Modifiers.swift"; sourceTree = "<group>"; };
/* End PBXFileReference section */

/* Begin PBXFrameworksBuildPhase section */
		D4D8BD342BAAD6B500D2398D /* Frameworks */ = {
			isa = PBXFrameworksBuildPhase;
			buildActionMask = 2147483647;
			files = (
				D4D8BD4C2BAAD8D200D2398D /* Kingfisher in Frameworks */,
				D4D8BD5F2BAADA9600D2398D /* AlamofireDynamic in Frameworks */,
				D4D8BD642BAADAE000D2398D /* SwiftyJSON in Frameworks */,
				D4D8BD5D2BAADA9600D2398D /* Alamofire in Frameworks */,
			);
			runOnlyForDeploymentPostprocessing = 0;
		};
/* End PBXFrameworksBuildPhase section */

/* Begin PBXGroup section */
		D4D8BD2E2BAAD6B500D2398D = {
			isa = PBXGroup;
			children = (
				D4D8BD392BAAD6B500D2398D /* Yelp-Business-Search-IOS */,
				D4D8BD382BAAD6B500D2398D /* Products */,
			);
			sourceTree = "<group>";
		};
		D4D8BD382BAAD6B500D2398D /* Products */ = {
			isa = PBXGroup;
			children = (
				D4D8BD372BAAD6B500D2398D /* Yelp-Business-Search-IOS.app */,
			);
			name = Products;
			sourceTree = "<group>";
		};
		D4D8BD392BAAD6B500D2398D /* Yelp-Business-Search-IOS */ = {
			isa = PBXGroup;
			children = (
				D4D8BD502BAAD9CE00D2398D /* Model */,
				D4D8BD4D2BAAD8EF00D2398D /* View */,
				D4D8BD3A2BAAD6B500D2398D /* Yelp_Business_Search_IOSApp.swift */,
				D4D8BD3E2BAAD6B700D2398D /* Assets.xcassets */,
				D4D8BD402BAAD6B700D2398D /* Preview Content */,
			);
			path = "Yelp-Business-Search-IOS";
			sourceTree = "<group>";
		};
		D4D8BD402BAAD6B700D2398D /* Preview Content */ = {
			isa = PBXGroup;
			children = (
				D4D8BD412BAAD6B700D2398D /* Preview Assets.xcassets */,
			);
			path = "Preview Content";
			sourceTree = "<group>";
		};
		D4D8BD4D2BAAD8EF00D2398D /* View */ = {
			isa = PBXGroup;
			children = (
				D4D8BD3C2BAAD6B500D2398D /* ContentView.swift */,
				D4D8BD4E2BAAD91200D2398D /* DetailView.swift */,
				D4D8BD512BAAD9EC00D2398D /* BookView.swift */,
				D4D8BD532BAADA0300D2398D /* BusinessView.swift */,
				D4D8BD552BAADA1300D2398D /* ToastView.swift */,
				D4D8BD572BAADA3000D2398D /* ReserveFormView.swift */,
			);
			path = View;
			sourceTree = "<group>";
		};
		D4D8BD502BAAD9CE00D2398D /* Model */ = {
			isa = PBXGroup;
			children = (
				D4D8BD592BAADA4C00D2398D /* Result.swift */,
				D4D8BD602BAADAA700D2398D /* Detail.swift */,
				D4D8BD652BAADAED00D2398D /* Review.swift */,
				D4D8BD672BAADAFA00D2398D /* Map.swift */,
				D4D8BD692BAADB1200D2398D /* Reservation.swift */,
				D4D8BD6B2BAADB3B00D2398D /* AlwaysPopoverModifier.swift */,
				D4D8BD6D2BAADB4900D2398D /* ContentViewController.swift */,
				D4D8BD6F2BAADB6400D2398D /* UIView+Extension.swift */,
				D4D8BD712BAADB7E00D2398D /* View+Modifiers.swift */,
			);
			path = Model;
			sourceTree = "<group>";
		};
/* End PBXGroup section */

/* Begin PBXNativeTarget section */
		D4D8BD362BAAD6B500D2398D /* Yelp-Business-Search-IOS */ = {
			isa = PBXNativeTarget;
			buildConfigurationList = D4D8BD452BAAD6B700D2398D /* Build configuration list for PBXNativeTarget "Yelp-Business-Search-IOS" */;
			buildPhases = (
				D4D8BD332BAAD6B500D2398D /* Sources */,
				D4D8BD342BAAD6B500D2398D /* Frameworks */,
				D4D8BD352BAAD6B500D2398D /* Resources */,
			);
			buildRules = (
			);
			dependencies = (
			);
			name = "Yelp-Business-Search-IOS";
			packageProductDependencies = (
				D4D8BD4B2BAAD8D200D2398D /* Kingfisher */,
				D4D8BD5C2BAADA9600D2398D /* Alamofire */,
				D4D8BD5E2BAADA9600D2398D /* AlamofireDynamic */,
				D4D8BD632BAADAE000D2398D /* SwiftyJSON */,
			);
			productName = "Yelp-Business-Search-IOS";
			productReference = D4D8BD372BAAD6B500D2398D /* Yelp-Business-Search-IOS.app */;
			productType = "com.apple.product-type.application";
		};
/* End PBXNativeTarget section */

/* Begin PBXProject section */
		D4D8BD2F2BAAD6B500D2398D /* Project object */ = {
			isa = PBXProject;
			attributes = {
				BuildIndependentTargetsInParallel = 1;
				LastSwiftUpdateCheck = 1520;
				LastUpgradeCheck = 1520;
				TargetAttributes = {
					D4D8BD362BAAD6B500D2398D = {
						CreatedOnToolsVersion = 15.2;
					};
				};
			};
			buildConfigurationList = D4D8BD322BAAD6B500D2398D /* Build configuration list for PBXProject "Yelp-Business-Search-IOS" */;
			compatibilityVersion = "Xcode 14.0";
			developmentRegion = en;
			hasScannedForEncodings = 0;
			knownRegions = (
				en,
				Base,
			);
			mainGroup = D4D8BD2E2BAAD6B500D2398D;
			packageReferences = (
				D4D8BD4A2BAAD8D200D2398D /* XCRemoteSwiftPackageReference "Kingfisher" */,
				D4D8BD5B2BAADA9600D2398D /* XCRemoteSwiftPackageReference "Alamofire" */,
				D4D8BD622BAADAE000D2398D /* XCRemoteSwiftPackageReference "SwiftyJSON" */,
			);
			productRefGroup = D4D8BD382BAAD6B500D2398D /* Products */;
			projectDirPath = "";
			projectRoot = "";
			targets = (
				D4D8BD362BAAD6B500D2398D /* Yelp-Business-Search-IOS */,
			);
		};
/* End PBXProject section */

/* Begin PBXResourcesBuildPhase section */
		D4D8BD352BAAD6B500D2398D /* Resources */ = {
			isa = PBXResourcesBuildPhase;
			buildActionMask = 2147483647;
			files = (
				D4D8BD422BAAD6B700D2398D /* Preview Assets.xcassets in Resources */,
				D4D8BD3F2BAAD6B700D2398D /* Assets.xcassets in Resources */,
			);
			runOnlyForDeploymentPostprocessing = 0;
		};
/* End PBXResourcesBuildPhase section */

/* Begin PBXSourcesBuildPhase section */
		D4D8BD332BAAD6B500D2398D /* Sources */ = {
			isa = PBXSourcesBuildPhase;
			buildActionMask = 2147483647;
			files = (
				D4D8BD3D2BAAD6B500D2398D /* ContentView.swift in Sources */,
				D4D8BD542BAADA0300D2398D /* BusinessView.swift in Sources */,
				D4D8BD6A2BAADB1200D2398D /* Reservation.swift in Sources */,
				D4D8BD702BAADB6400D2398D /* UIView+Extension.swift in Sources */,
				D4D8BD612BAADAA700D2398D /* Detail.swift in Sources */,
				D4D8BD4F2BAAD91200D2398D /* DetailView.swift in Sources */,
				D4D8BD6C2BAADB3B00D2398D /* AlwaysPopoverModifier.swift in Sources */,
				D4D8BD722BAADB7E00D2398D /* View+Modifiers.swift in Sources */,
				D4D8BD6E2BAADB4900D2398D /* ContentViewController.swift in Sources */,
				D4D8BD3B2BAAD6B500D2398D /* Yelp_Business_Search_IOSApp.swift in Sources */,
				D4D8BD662BAADAED00D2398D /* Review.swift in Sources */,
				D4D8BD562BAADA1300D2398D /* ToastView.swift in Sources */,
				D4D8BD682BAADAFA00D2398D /* Map.swift in Sources */,
				D4D8BD522BAAD9EC00D2398D /* BookView.swift in Sources */,
				D4D8BD5A2BAADA4C00D2398D /* Result.swift in Sources */,
				D4D8BD582BAADA3000D2398D /* ReserveFormView.swift in Sources */,
			);
			runOnlyForDeploymentPostprocessing = 0;
		};
/* End PBXSourcesBuildPhase section */

/* Begin XCBuildConfiguration section */
		D4D8BD432BAAD6B700D2398D /* Debug */ = {
			isa = XCBuildConfiguration;
			buildSettings = {
				ALWAYS_SEARCH_USER_PATHS = NO;
				ASSETCATALOG_COMPILER_GENERATE_SWIFT_ASSET_SYMBOL_EXTENSIONS = YES;
				CLANG_ANALYZER_NONNULL = YES;
				CLANG_ANALYZER_NUMBER_OBJECT_CONVERSION = YES_AGGRESSIVE;
				CLANG_CXX_LANGUAGE_STANDARD = "gnu++20";
				CLANG_ENABLE_MODULES = YES;
				CLANG_ENABLE_OBJC_ARC = YES;
				CLANG_ENABLE_OBJC_WEAK = YES;
				CLANG_WARN_BLOCK_CAPTURE_AUTORELEASING = YES;
				CLANG_WARN_BOOL_CONVERSION = YES;
				CLANG_WARN_COMMA = YES;
				CLANG_WARN_CONSTANT_CONVERSION = YES;
				CLANG_WARN_DEPRECATED_OBJC_IMPLEMENTATIONS = YES;
				CLANG_WARN_DIRECT_OBJC_ISA_USAGE = YES_ERROR;
				CLANG_WARN_DOCUMENTATION_COMMENTS = YES;
				CLANG_WARN_EMPTY_BODY = YES;
				CLANG_WARN_ENUM_CONVERSION = YES;
				CLANG_WARN_INFINITE_RECURSION = YES;
				CLANG_WARN_INT_CONVERSION = YES;
				CLANG_WARN_NON_LITERAL_NULL_CONVERSION = YES;
				CLANG_WARN_OBJC_IMPLICIT_RETAIN_SELF = YES;
				CLANG_WARN_OBJC_LITERAL_CONVERSION = YES;
				CLANG_WARN_OBJC_ROOT_CLASS = YES_ERROR;
				CLANG_WARN_QUOTED_INCLUDE_IN_FRAMEWORK_HEADER = YES;
				CLANG_WARN_RANGE_LOOP_ANALYSIS = YES;
				CLANG_WARN_STRICT_PROTOTYPES = YES;
				CLANG_WARN_SUSPICIOUS_MOVE = YES;
				CLANG_WARN_UNGUARDED_AVAILABILITY = YES_AGGRESSIVE;
				CLANG_WARN_UNREACHABLE_CODE = YES;
				CLANG_WARN__DUPLICATE_METHOD_MATCH = YES;
				COPY_PHASE_STRIP = NO;
				DEBUG_INFORMATION_FORMAT = dwarf;
				ENABLE_STRICT_OBJC_MSGSEND = YES;
				ENABLE_TESTABILITY = YES;
				ENABLE_USER_SCRIPT_SANDBOXING = YES;
				GCC_C_LANGUAGE_STANDARD = gnu17;
				GCC_DYNAMIC_NO_PIC = NO;
				GCC_NO_COMMON_BLOCKS = YES;
				GCC_OPTIMIZATION_LEVEL = 0;
				GCC_PREPROCESSOR_DEFINITIONS = (
					"DEBUG=1",
					"$(inherited)",
				);
				GCC_WARN_64_TO_32_BIT_CONVERSION = YES;
				GCC_WARN_ABOUT_RETURN_TYPE = YES_ERROR;
				GCC_WARN_UNDECLARED_SELECTOR = YES;
				GCC_WARN_UNINITIALIZED_AUTOS = YES_AGGRESSIVE;
				GCC_WARN_UNUSED_FUNCTION = YES;
				GCC_WARN_UNUSED_VARIABLE = YES;
				IPHONEOS_DEPLOYMENT_TARGET = 17.2;
				LOCALIZATION_PREFERS_STRING_CATALOGS = YES;
				MTL_ENABLE_DEBUG_INFO = INCLUDE_SOURCE;
				MTL_FAST_MATH = YES;
				ONLY_ACTIVE_ARCH = YES;
				SDKROOT = iphoneos;
				SWIFT_ACTIVE_COMPILATION_CONDITIONS = "DEBUG $(inherited)";
				SWIFT_OPTIMIZATION_LEVEL = "-Onone";
			};
			name = Debug;
		};
		D4D8BD442BAAD6B700D2398D /* Release */ = {
			isa = XCBuildConfiguration;
			buildSettings = {
				ALWAYS_SEARCH_USER_PATHS = NO;
				ASSETCATALOG_COMPILER_GENERATE_SWIFT_ASSET_SYMBOL_EXTENSIONS = YES;
				CLANG_ANALYZER_NONNULL = YES;
				CLANG_ANALYZER_NUMBER_OBJECT_CONVERSION = YES_AGGRESSIVE;
				CLANG_CXX_LANGUAGE_STANDARD = "gnu++20";
				CLANG_ENABLE_MODULES = YES;
				CLANG_ENABLE_OBJC_ARC = YES;
				CLANG_ENABLE_OBJC_WEAK = YES;
				CLANG_WARN_BLOCK_CAPTURE_AUTORELEASING = YES;
				CLANG_WARN_BOOL_CONVERSION = YES;
				CLANG_WARN_COMMA = YES;
				CLANG_WARN_CONSTANT_CONVERSION = YES;
				CLANG_WARN_DEPRECATED_OBJC_IMPLEMENTATIONS = YES;
				CLANG_WARN_DIRECT_OBJC_ISA_USAGE = YES_ERROR;
				CLANG_WARN_DOCUMENTATION_COMMENTS = YES;
				CLANG_WARN_EMPTY_BODY = YES;
				CLANG_WARN_ENUM_CONVERSION = YES;
				CLANG_WARN_INFINITE_RECURSION = YES;
				CLANG_WARN_INT_CONVERSION = YES;
				CLANG_WARN_NON_LITERAL_NULL_CONVERSION = YES;
				CLANG_WARN_OBJC_IMPLICIT_RETAIN_SELF = YES;
				CLANG_WARN_OBJC_LITERAL_CONVERSION = YES;
				CLANG_WARN_OBJC_ROOT_CLASS = YES_ERROR;
				CLANG_WARN_QUOTED_INCLUDE_IN_FRAMEWORK_HEADER = YES;
				CLANG_WARN_RANGE_LOOP_ANALYSIS = YES;
				CLANG_WARN_STRICT_PROTOTYPES = YES;
				CLANG_WARN_SUSPICIOUS_MOVE = YES;
				CLANG_WARN_UNGUARDED_AVAILABILITY = YES_AGGRESSIVE;
				CLANG_WARN_UNREACHABLE_CODE = YES;
				CLANG_WARN__DUPLICATE_METHOD_MATCH = YES;
				COPY_PHASE_STRIP = NO;
				DEBUG_INFORMATION_FORMAT = "dwarf-with-dsym";
				ENABLE_NS_ASSERTIONS = NO;
				ENABLE_STRICT_OBJC_MSGSEND = YES;
				ENABLE_USER_SCRIPT_SANDBOXING = YES;
				GCC_C_LANGUAGE_STANDARD = gnu17;
				GCC_NO_COMMON_BLOCKS = YES;
				GCC_WARN_64_TO_32_BIT_CONVERSION = YES;
				GCC_WARN_ABOUT_RETURN_TYPE = YES_ERROR;
				GCC_WARN_UNDECLARED_SELECTOR = YES;
				GCC_WARN_UNINITIALIZED_AUTOS = YES_AGGRESSIVE;
				GCC_WARN_UNUSED_FUNCTION = YES;
				GCC_WARN_UNUSED_VARIABLE = YES;
				IPHONEOS_DEPLOYMENT_TARGET = 17.2;
				LOCALIZATION_PREFERS_STRING_CATALOGS = YES;
				MTL_ENABLE_DEBUG_INFO = NO;
				MTL_FAST_MATH = YES;
				SDKROOT = iphoneos;
				SWIFT_COMPILATION_MODE = wholemodule;
				VALIDATE_PRODUCT = YES;
			};
			name = Release;
		};
		D4D8BD462BAAD6B700D2398D /* Debug */ = {
			isa = XCBuildConfiguration;
			buildSettings = {
				ASSETCATALOG_COMPILER_APPICON_NAME = AppIcon;
				ASSETCATALOG_COMPILER_GLOBAL_ACCENT_COLOR_NAME = AccentColor;
				CODE_SIGN_STYLE = Automatic;
				CURRENT_PROJECT_VERSION = 1;
				DEVELOPMENT_ASSET_PATHS = "\"Yelp-Business-Search-IOS/Preview Content\"";
				ENABLE_PREVIEWS = YES;
				GENERATE_INFOPLIST_FILE = YES;
				INFOPLIST_KEY_UIApplicationSceneManifest_Generation = YES;
				INFOPLIST_KEY_UIApplicationSupportsIndirectInputEvents = YES;
				INFOPLIST_KEY_UILaunchScreen_Generation = YES;
				INFOPLIST_KEY_UISupportedInterfaceOrientations_iPad = "UIInterfaceOrientationPortrait UIInterfaceOrientationPortraitUpsideDown UIInterfaceOrientationLandscapeLeft UIInterfaceOrientationLandscapeRight";
				INFOPLIST_KEY_UISupportedInterfaceOrientations_iPhone = "UIInterfaceOrientationPortrait UIInterfaceOrientationLandscapeLeft UIInterfaceOrientationLandscapeRight";
				LD_RUNPATH_SEARCH_PATHS = (
					"$(inherited)",
					"@executable_path/Frameworks",
				);
				MARKETING_VERSION = 1.0;
				PRODUCT_BUNDLE_IDENTIFIER = "Kiara-Lei.Yelp-Business-Search-IOS";
				PRODUCT_NAME = "$(TARGET_NAME)";
				SWIFT_EMIT_LOC_STRINGS = YES;
				SWIFT_VERSION = 5.0;
				TARGETED_DEVICE_FAMILY = "1,2";
			};
			name = Debug;
		};
		D4D8BD472BAAD6B700D2398D /* Release */ = {
			isa = XCBuildConfiguration;
			buildSettings = {
				ASSETCATALOG_COMPILER_APPICON_NAME = AppIcon;
				ASSETCATALOG_COMPILER_GLOBAL_ACCENT_COLOR_NAME = AccentColor;
				CODE_SIGN_STYLE = Automatic;
				CURRENT_PROJECT_VERSION = 1;
				DEVELOPMENT_ASSET_PATHS = "\"Yelp-Business-Search-IOS/Preview Content\"";
				ENABLE_PREVIEWS = YES;
				GENERATE_INFOPLIST_FILE = YES;
				INFOPLIST_KEY_UIApplicationSceneManifest_Generation = YES;
				INFOPLIST_KEY_UIApplicationSupportsIndirectInputEvents = YES;
				INFOPLIST_KEY_UILaunchScreen_Generation = YES;
				INFOPLIST_KEY_UISupportedInterfaceOrientations_iPad = "UIInterfaceOrientationPortrait UIInterfaceOrientationPortraitUpsideDown UIInterfaceOrientationLandscapeLeft UIInterfaceOrientationLandscapeRight";
				INFOPLIST_KEY_UISupportedInterfaceOrientations_iPhone = "UIInterfaceOrientationPortrait UIInterfaceOrientationLandscapeLeft UIInterfaceOrientationLandscapeRight";
				LD_RUNPATH_SEARCH_PATHS = (
					"$(inherited)",
					"@executable_path/Frameworks",
				);
				MARKETING_VERSION = 1.0;
				PRODUCT_BUNDLE_IDENTIFIER = "Kiara-Lei.Yelp-Business-Search-IOS";
				PRODUCT_NAME = "$(TARGET_NAME)";
				SWIFT_EMIT_LOC_STRINGS = YES;
				SWIFT_VERSION = 5.0;
				TARGETED_DEVICE_FAMILY = "1,2";
			};
			name = Release;
		};
/* End XCBuildConfiguration section */

/* Begin XCConfigurationList section */
		D4D8BD322BAAD6B500D2398D /* Build configuration list for PBXProject "Yelp-Business-Search-IOS" */ = {
			isa = XCConfigurationList;
			buildConfigurations = (
				D4D8BD432BAAD6B700D2398D /* Debug */,
				D4D8BD442BAAD6B700D2398D /* Release */,
			);
			defaultConfigurationIsVisible = 0;
			defaultConfigurationName = Release;
		};
		D4D8BD452BAAD6B700D2398D /* Build configuration list for PBXNativeTarget "Yelp-Business-Search-IOS" */ = {
			isa = XCConfigurationList;
			buildConfigurations = (
				D4D8BD462BAAD6B700D2398D /* Debug */,
				D4D8BD472BAAD6B700D2398D /* Release */,
			);
			defaultConfigurationIsVisible = 0;
			defaultConfigurationName = Release;
		};
/* End XCConfigurationList section */

/* Begin XCRemoteSwiftPackageReference section */
		D4D8BD4A2BAAD8D200D2398D /* XCRemoteSwiftPackageReference "Kingfisher" */ = {
			isa = XCRemoteSwiftPackageReference;
			repositoryURL = "https://github.com/onevcat/Kingfisher.git";
			requirement = {
				kind = upToNextMajorVersion;
				minimumVersion = 7.11.0;
			};
		};
		D4D8BD5B2BAADA9600D2398D /* XCRemoteSwiftPackageReference "Alamofire" */ = {
			isa = XCRemoteSwiftPackageReference;
			repositoryURL = "https://github.com/Alamofire/Alamofire.git";
			requirement = {
				kind = upToNextMajorVersion;
				minimumVersion = 5.9.0;
			};
		};
		D4D8BD622BAADAE000D2398D /* XCRemoteSwiftPackageReference "SwiftyJSON" */ = {
			isa = XCRemoteSwiftPackageReference;
			repositoryURL = "https://github.com/SwiftyJSON/SwiftyJSON.git";
			requirement = {
				kind = upToNextMajorVersion;
				minimumVersion = 5.0.1;
			};
		};
/* End XCRemoteSwiftPackageReference section */

/* Begin XCSwiftPackageProductDependency section */
		D4D8BD4B2BAAD8D200D2398D /* Kingfisher */ = {
			isa = XCSwiftPackageProductDependency;
			package = D4D8BD4A2BAAD8D200D2398D /* XCRemoteSwiftPackageReference "Kingfisher" */;
			productName = Kingfisher;
		};
		D4D8BD5C2BAADA9600D2398D /* Alamofire */ = {
			isa = XCSwiftPackageProductDependency;
			package = D4D8BD5B2BAADA9600D2398D /* XCRemoteSwiftPackageReference "Alamofire" */;
			productName = Alamofire;
		};
		D4D8BD5E2BAADA9600D2398D /* AlamofireDynamic */ = {
			isa = XCSwiftPackageProductDependency;
			package = D4D8BD5B2BAADA9600D2398D /* XCRemoteSwiftPackageReference "Alamofire" */;
			productName = AlamofireDynamic;
		};
		D4D8BD632BAADAE000D2398D /* SwiftyJSON */ = {
			isa = XCSwiftPackageProductDependency;
			package = D4D8BD622BAADAE000D2398D /* XCRemoteSwiftPackageReference "SwiftyJSON" */;
			productName = SwiftyJSON;
		};
/* End XCSwiftPackageProductDependency section */
	};
	rootObject = D4D8BD2F2BAAD6B500D2398D /* Project object */;
}
